
Microsoft Visual Studio Solution File, Format Version 12.00
# Visual Studio Version 16
VisualStudioVersion = 16.0.31624.102
MinimumVisualStudioVersion = 10.0.40219.1
Project("{FAE04EC0-301F-11D3-BF4B-00C04F79EFBC}") = "PRsExample", "PRsExample\PRsExample.csproj", "{D5C23DF1-F9B2-4470-9E02-4A129DDF38B0}"
EndProject
Global
	GlobalSection(SolutionConfigurationPlatforms) = preSolution
		Debug|Any CPU = Debug|Any CPU
		Release|Any CPU = Release|Any CPU
	EndGlobalSection
	GlobalSection(ProjectConfigurationPlatforms) = postSolution
		{D5C23DF1-F9B2-4470-9E02-4A129DDF38B0}.Debug|Any CPU.ActiveCfg = Debug|Any CPU
		{D5C23DF1-F9B2-4470-9E02-4A129DDF38B0}.Debug|Any CPU.Build.0 = Debug|Any CPU
		{D5C23DF1-F9B2-4470-9E02-4A129DDF38B0}.Release|Any CPU.ActiveCfg = Release|Any CPU
		{D5C23DF1-F9B2-4470-9E02-4A129DDF38B0}.Release|Any CPU.Build.0 = Release|Any CPU
	EndGlobalSection
	GlobalSection(SolutionProperties) = preSolution
		HideSolutionNode = FALSE
	EndGlobalSection
	GlobalSection(ExtensibilityGlobals) = postSolution
		SolutionGuid = {7FB0E2F5-D32C-4313-A896-EC93A2A4A1A6}
	EndGlobalSection
EndGlobal
